
Microsoft Visual Studio Solution File, Format Version 12.00
# Visual Studio Version 17
VisualStudioVersion = 17.11.35219.272
MinimumVisualStudioVersion = 10.0.40219.1
Project("{FAE04EC0-301F-11D3-BF4B-00C04F79EFBC}") = "BT05", "BT05\BT05.csproj", "{1049D8FC-8DD7-4B69-953E-E8A55153F6AB}"
EndProject
Global
	GlobalSection(SolutionConfigurationPlatforms) = preSolution
		Debug|Any CPU = Debug|Any CPU
		Release|Any CPU = Release|Any CPU
	EndGlobalSection
	GlobalSection(ProjectConfigurationPlatforms) = postSolution
		{1049D8FC-8DD7-4B69-953E-E8A55153F6AB}.Debug|Any CPU.ActiveCfg = Debug|Any CPU
		{1049D8FC-8DD7-4B69-953E-E8A55153F6AB}.Debug|Any CPU.Build.0 = Debug|Any CPU
		{1049D8FC-8DD7-4B69-953E-E8A55153F6AB}.Release|Any CPU.ActiveCfg = Release|Any CPU
		{1049D8FC-8DD7-4B69-953E-E8A55153F6AB}.Release|Any CPU.Build.0 = Release|Any CPU
	EndGlobalSection
	GlobalSection(SolutionProperties) = preSolution
		HideSolutionNode = FALSE
	EndGlobalSection
	GlobalSection(ExtensibilityGlobals) = postSolution
		SolutionGuid = {8E8A327A-FB6A-4F95-9018-39897D0B63DC}
	EndGlobalSection
EndGlobal
