
Microsoft Visual Studio Solution File, Format Version 12.00
# Visual Studio Version 17
VisualStudioVersion = 17.9.34902.65
MinimumVisualStudioVersion = 10.0.40219.1
Project("{FAE04EC0-301F-11D3-BF4B-00C04F79EFBC}") = "BTTL02", "BTTL02\BTTL02.csproj", "{C25E8FF0-0854-4BBA-A389-9F8EBED9C790}"
EndProject
Global
	GlobalSection(SolutionConfigurationPlatforms) = preSolution
		Debug|Any CPU = Debug|Any CPU
		Release|Any CPU = Release|Any CPU
	EndGlobalSection
	GlobalSection(ProjectConfigurationPlatforms) = postSolution
		{C25E8FF0-0854-4BBA-A389-9F8EBED9C790}.Debug|Any CPU.ActiveCfg = Debug|Any CPU
		{C25E8FF0-0854-4BBA-A389-9F8EBED9C790}.Debug|Any CPU.Build.0 = Debug|Any CPU
		{C25E8FF0-0854-4BBA-A389-9F8EBED9C790}.Release|Any CPU.ActiveCfg = Release|Any CPU
		{C25E8FF0-0854-4BBA-A389-9F8EBED9C790}.Release|Any CPU.Build.0 = Release|Any CPU
	EndGlobalSection
	GlobalSection(SolutionProperties) = preSolution
		HideSolutionNode = FALSE
	EndGlobalSection
	GlobalSection(ExtensibilityGlobals) = postSolution
		SolutionGuid = {B944982F-FFDE-487F-B690-D9414D3D1941}
	EndGlobalSection
EndGlobal
